
Microsoft Visual Studio Solution File, Format Version 12.00
# Visual Studio Version 17
VisualStudioVersion = 17.9.34728.123
MinimumVisualStudioVersion = 10.0.40219.1
Project("{9A19103F-16F7-4668-BE54-9A1E7A4F7556}") = "RecipeService", "RecipeService.csproj", "{81AA7538-9CF9-4D35-BBB7-34272392E293}"
EndProject
Global
	GlobalSection(SolutionConfigurationPlatforms) = preSolution
		Debug|Any CPU = Debug|Any CPU
		Release|Any CPU = Release|Any CPU
	EndGlobalSection
	GlobalSection(ProjectConfigurationPlatforms) = postSolution
		{81AA7538-9CF9-4D35-BBB7-34272392E293}.Debug|Any CPU.ActiveCfg = Debug|Any CPU
		{81AA7538-9CF9-4D35-BBB7-34272392E293}.Debug|Any CPU.Build.0 = Debug|Any CPU
		{81AA7538-9CF9-4D35-BBB7-34272392E293}.Release|Any CPU.ActiveCfg = Release|Any CPU
		{81AA7538-9CF9-4D35-BBB7-34272392E293}.Release|Any CPU.Build.0 = Release|Any CPU
	EndGlobalSection
	GlobalSection(SolutionProperties) = preSolution
		HideSolutionNode = FALSE
	EndGlobalSection
	GlobalSection(ExtensibilityGlobals) = postSolution
		SolutionGuid = {25896CFB-E304-4625-B9CA-B523695B0196}
	EndGlobalSection
EndGlobal
